Microsoft Visual Studio Solution File, Format Version 11.00
# Visual Studio 2008

Project("{3B0C401E-8541-8E67-7B63-D8DCE7AE7E13}") = "Estructuras Aumentadas", "Assembly-CSharp-firstpass.csproj", "{4D927E65-D186-C776-6B46-6854231EB605}"
EndProject
Project("{3B0C401E-8541-8E67-7B63-D8DCE7AE7E13}") = "Estructuras Aumentadas", "Assembly-CSharp.csproj", "{BC9F7B94-7D53-0793-5A06-B39AF0D06C18}"
EndProject
Project("{3B0C401E-8541-8E67-7B63-D8DCE7AE7E13}") = "Estructuras Aumentadas", "Assembly-CSharp-Editor.csproj", "{43351FC2-3EFB-2C93-304C-6CE04D54710E}"
EndProject
Global
	GlobalSection(SolutionConfigurationPlatforms) = preSolution
		Debug|Any CPU = Debug|Any CPU
		Release|Any CPU = Release|Any CPU
	EndGlobalSection
	GlobalSection(ProjectConfigurationPlatforms) = postSolution
		{4D927E65-D186-C776-6B46-6854231EB605}.Debug|Any CPU.ActiveCfg = Debug|Any CPU
		{4D927E65-D186-C776-6B46-6854231EB605}.Debug|Any CPU.Build.0 = Debug|Any CPU
		{4D927E65-D186-C776-6B46-6854231EB605}.Release|Any CPU.ActiveCfg = Release|Any CPU
		{4D927E65-D186-C776-6B46-6854231EB605}.Release|Any CPU.Build.0 = Release|Any CPU
		{BC9F7B94-7D53-0793-5A06-B39AF0D06C18}.Debug|Any CPU.ActiveCfg = Debug|Any CPU
		{BC9F7B94-7D53-0793-5A06-B39AF0D06C18}.Debug|Any CPU.Build.0 = Debug|Any CPU
		{BC9F7B94-7D53-0793-5A06-B39AF0D06C18}.Release|Any CPU.ActiveCfg = Release|Any CPU
		{BC9F7B94-7D53-0793-5A06-B39AF0D06C18}.Release|Any CPU.Build.0 = Release|Any CPU
		{43351FC2-3EFB-2C93-304C-6CE04D54710E}.Debug|Any CPU.ActiveCfg = Debug|Any CPU
		{43351FC2-3EFB-2C93-304C-6CE04D54710E}.Debug|Any CPU.Build.0 = Debug|Any CPU
		{43351FC2-3EFB-2C93-304C-6CE04D54710E}.Release|Any CPU.ActiveCfg = Release|Any CPU
		{43351FC2-3EFB-2C93-304C-6CE04D54710E}.Release|Any CPU.Build.0 = Release|Any CPU
	EndGlobalSection
	GlobalSection(SolutionProperties) = preSolution
		HideSolutionNode = FALSE
	EndGlobalSection
	GlobalSection(MonoDevelopProperties) = preSolution
		StartupItem = Assembly-CSharp.csproj
	EndGlobalSection
EndGlobal
